
Microsoft Visual Studio Solution File, Format Version 12.00
# Visual Studio Version 17
VisualStudioVersion = 17.13.35931.197 d17.13
MinimumVisualStudioVersion = 10.0.40219.1
Project("{FAE04EC0-301F-11D3-BF4B-00C04F79EFBC}") = "Laundrify", "Laundrify.csproj", "{413DBC65-2E74-42D8-AB10-F4E1D3C5DC29}"
EndProject
Global
	GlobalSection(SolutionConfigurationPlatforms) = preSolution
		Debug|Any CPU = Debug|Any CPU
		Release|Any CPU = Release|Any CPU
	EndGlobalSection
	GlobalSection(ProjectConfigurationPlatforms) = postSolution
		{413DBC65-2E74-42D8-AB10-F4E1D3C5DC29}.Debug|Any CPU.ActiveCfg = Debug|Any CPU
		{413DBC65-2E74-42D8-AB10-F4E1D3C5DC29}.Debug|Any CPU.Build.0 = Debug|Any CPU
		{413DBC65-2E74-42D8-AB10-F4E1D3C5DC29}.Release|Any CPU.ActiveCfg = Release|Any CPU
		{413DBC65-2E74-42D8-AB10-F4E1D3C5DC29}.Release|Any CPU.Build.0 = Release|Any CPU
	EndGlobalSection
	GlobalSection(SolutionProperties) = preSolution
		HideSolutionNode = FALSE
	EndGlobalSection
	GlobalSection(ExtensibilityGlobals) = postSolution
		SolutionGuid = {B4AAB1ED-B0AA-42BC-B02A-91F479FF7C55}
	EndGlobalSection
EndGlobal
